
Microsoft Visual Studio Solution File, Format Version 12.00
# Visual Studio Version 16
VisualStudioVersion = 16.0.31613.86
MinimumVisualStudioVersion = 10.0.40219.1
Project("{FAE04EC0-301F-11D3-BF4B-00C04F79EFBC}") = "CourseProject", "CourseProject.csproj", "{B90F862F-0B4B-46CD-AC82-26CF19EE5CCE}"
EndProject
Global
	GlobalSection(SolutionConfigurationPlatforms) = preSolution
		Debug|Any CPU = Debug|Any CPU
		Release|Any CPU = Release|Any CPU
	EndGlobalSection
	GlobalSection(ProjectConfigurationPlatforms) = postSolution
		{B90F862F-0B4B-46CD-AC82-26CF19EE5CCE}.Debug|Any CPU.ActiveCfg = Debug|Any CPU
		{B90F862F-0B4B-46CD-AC82-26CF19EE5CCE}.Debug|Any CPU.Build.0 = Debug|Any CPU
		{B90F862F-0B4B-46CD-AC82-26CF19EE5CCE}.Release|Any CPU.ActiveCfg = Release|Any CPU
		{B90F862F-0B4B-46CD-AC82-26CF19EE5CCE}.Release|Any CPU.Build.0 = Release|Any CPU
	EndGlobalSection
	GlobalSection(SolutionProperties) = preSolution
		HideSolutionNode = FALSE
	EndGlobalSection
	GlobalSection(ExtensibilityGlobals) = postSolution
		SolutionGuid = {C25E4BC4-F8CB-4A8D-82E9-52869D4B06BD}
	EndGlobalSection
EndGlobal
